
Microsoft Visual Studio Solution File, Format Version 10.00
# Visual Studio 2008
Project("{D183A3D8-5FD8-494B-B014-37F57B35E655}") = "SSIS_NDM_DTSX", "SSIS_NDM_DTSX\SSIS_NDM_DTSX.dtproj", "{BE5BFEC2-A8AD-49ED-A76C-6953103374A7}"
EndProject
Project("{2150E333-8FDC-42A3-9474-1A3956D46DE8}") = "SqlScripts", "SqlScripts", "{B06A6C35-7697-429A-8965-2947A1436F9A}"
EndProject
Project("{2150E333-8FDC-42A3-9474-1A3956D46DE8}") = "ConfigFiles", "ConfigFiles", "{C93F9856-6F76-4AC1-BBDE-65BD66AFA675}"
	ProjectSection(SolutionItems) = preProject
		SSIS_NDM_DTSX\ConfFiles\import_sql_flow_B.dtsConfig = SSIS_NDM_DTSX\ConfFiles\import_sql_flow_B.dtsConfig
	EndProjectSection
EndProject
Project("{2150E333-8FDC-42A3-9474-1A3956D46DE8}") = "Notes", "Notes", "{6834F5C7-301B-4BA1-966C-89B93093CE25}"
	ProjectSection(SolutionItems) = preProject
		Readme.md = Readme.md
	EndProjectSection
EndProject
Project("{2150E333-8FDC-42A3-9474-1A3956D46DE8}") = "Flow B", "Flow B", "{BF98AE13-7B23-4C05-9069-E7CC73016534}"
	ProjectSection(SolutionItems) = preProject
		SSIS_NDM_DTSX\SqlScripts\Flow B\append_new.txt = SSIS_NDM_DTSX\SqlScripts\Flow B\append_new.txt
		SSIS_NDM_DTSX\SqlScripts\Flow B\SetupTable_oraAccetramenti.sql = SSIS_NDM_DTSX\SqlScripts\Flow B\SetupTable_oraAccetramenti.sql
		SSIS_NDM_DTSX\SqlScripts\Flow B\SQLStatement_InsertDetails_ProvvPagamentiAccentratiDettaglio.sql = SSIS_NDM_DTSX\SqlScripts\Flow B\SQLStatement_InsertDetails_ProvvPagamentiAccentratiDettaglio.sql
		SSIS_NDM_DTSX\SqlScripts\Flow B\SQLStatement_TruncateTable.sql = SSIS_NDM_DTSX\SqlScripts\Flow B\SQLStatement_TruncateTable.sql
		SSIS_NDM_DTSX\SqlScripts\Flow B\SQLStatement_AppendNew_ProvvPagamentiAccentrati.sql = SSIS_NDM_DTSX\SqlScripts\Flow B\SQLStatement_AppendNew_ProvvPagamentiAccentrati.sql
		SSIS_NDM_DTSX\SqlScripts\Flow B\SQLStatement_UpdateIdSeprag_ProvvPagamentiAccentrati.sql = SSIS_NDM_DTSX\SqlScripts\Flow B\SQLStatement_UpdateIdSeprag_ProvvPagamentiAccentrati.sql
		SSIS_NDM_DTSX\SqlScripts\Flow B\SQLStatement_UpdateIdSepragEmittente_ProvvPagamentiAccentrati.sql = SSIS_NDM_DTSX\SqlScripts\Flow B\SQLStatement_UpdateIdSepragEmittente_ProvvPagamentiAccentrati.sql
	EndProjectSection
EndProject
Global
	GlobalSection(SolutionConfigurationPlatforms) = preSolution
		Development|Default = Development|Default
	EndGlobalSection
	GlobalSection(ProjectConfigurationPlatforms) = postSolution
		{BE5BFEC2-A8AD-49ED-A76C-6953103374A7}.Development|Default.ActiveCfg = Development
		{BE5BFEC2-A8AD-49ED-A76C-6953103374A7}.Development|Default.Build.0 = Development
	EndGlobalSection
	GlobalSection(SolutionProperties) = preSolution
		HideSolutionNode = FALSE
	EndGlobalSection
	GlobalSection(NestedProjects) = preSolution
		{BF98AE13-7B23-4C05-9069-E7CC73016534} = {B06A6C35-7697-429A-8965-2947A1436F9A}
	EndGlobalSection
EndGlobal
